Microsoft Visual Studio Solution File, Format Version 12.00
# Visual Studio Version 17
VisualStudioVersion = 17.5.2.0
MinimumVisualStudioVersion = 10.0.40219.1
Project("{FAE04EC0-301F-11D3-BF4B-00C04F79EFBC}") = "StdbModule", "server\StdbModule.csproj", "{4681FD5F-785F-8066-C1E6-5F07AE19C97C}"
EndProject
Global
	GlobalSection(SolutionConfigurationPlatforms) = preSolution
		Debug|Any CPU = Debug|Any CPU
		Release|Any CPU = Release|Any CPU
	EndGlobalSection
	GlobalSection(ProjectConfigurationPlatforms) = postSolution
		{4681FD5F-785F-8066-C1E6-5F07AE19C97C}.Debug|Any CPU.ActiveCfg = Debug|Any CPU
		{4681FD5F-785F-8066-C1E6-5F07AE19C97C}.Debug|Any CPU.Build.0 = Debug|Any CPU
		{4681FD5F-785F-8066-C1E6-5F07AE19C97C}.Release|Any CPU.ActiveCfg = Release|Any CPU
		{4681FD5F-785F-8066-C1E6-5F07AE19C97C}.Release|Any CPU.Build.0 = Release|Any CPU
	EndGlobalSection
	GlobalSection(SolutionProperties) = preSolution
		HideSolutionNode = FALSE
	EndGlobalSection
	GlobalSection(ExtensibilityGlobals) = postSolution
		SolutionGuid = {B1376422-477F-4DD1-85E1-224A21E82D50}
	EndGlobalSection
EndGlobal
